{
  "name": "server",
  "version": "0.0.0",
  "lockfileVersion": 1,
  "requires": true,
  "dependencies": {
    "body-parser": {
      "version": "1.18.3",
      "resolved": "http://registry.npm.taobao.org/body-parser/download/body-parser-1.18.3.tgz",
      "requires": {
        "debug": "2.6.9",
        "depd": "~1.1.2",
        "http-errors": "~1.6.3"
      },
      "dependencies": {
        "bytes": {
          "version": "http://registry.npm.taobao.org/bytes/download/bytes-3.0.0.tgz"
        },
        "content-type": {
          "version": "http://registry.npm.taobao.org/content-type/download/content-type-1.0.4.tgz"
        },
        "debug": {
          "version": "http://registry.npm.taobao.org/debug/download/debug-2.6.9.tgz",
          "dependencies": {
            "ms": {
              "version": "2.0.0",
              "resolved": "http://registry.npm.taobao.org/ms/download/ms-2.0.0.tgz"
            }
          }
        },
        "depd": {
          "version": "1.1.2",
          "bundled": true
        },
        "http-errors": {
          "version": "http://registry.npm.taobao.org/http-errors/download/http-errors-1.6.3.tgz",
          "dependencies": {
            "inherits": {
              "version": "2.0.3",
              "resolved": "http://registry.npm.taobao.org/inherits/download/inherits-2.0.3.tgz"
            }
          }
        },
        "iconv-lite": {
          "version": "http://registry.npm.taobao.org/iconv-lite/download/iconv-lite-0.4.23.tgz"
        },
        "on-finished": {
          "version": "http://registry.npm.taobao.org/on-finished/download/on-finished-2.3.0.tgz",
          "dependencies": {
            "ee-first": {
              "version": "http://registry.npm.taobao.org/ee-first/download/ee-first-1.1.1.tgz",
              "bundled": true
            }
          }
        },
        "qs": {
          "version": "http://registry.npm.taobao.org/qs/download/qs-6.5.2.tgz"
        },
        "raw-body": {
          "version": "http://registry.npm.taobao.org/raw-body/download/raw-body-2.3.3.tgz"
        },
        "type-is": {
          "version": "http://registry.npm.taobao.org/type-is/download/type-is-1.6.16.tgz",
          "dependencies": {
            "media-typer": {
              "version": "http://registry.npm.taobao.org/media-typer/download/media-typer-0.3.0.tgz"
            },
            "mime-types": {
              "version": "http://registry.npm.taobao.org/mime-types/download/mime-types-2.1.21.tgz"
            }
          }
        }
      }
    },
    "cookie-parser": {
      "version": "1.4.3",
      "resolved": "http://registry.npm.taobao.org/cookie-parser/download/cookie-parser-1.4.3.tgz",
      "dependencies": {
        "cookie": {
          "version": "http://registry.npm.taobao.org/cookie/download/cookie-0.3.1.tgz"
        },
        "cookie-signature": {
          "version": "http://registry.npm.taobao.org/cookie-signature/download/cookie-signature-1.0.6.tgz"
        }
      }
    },
    "debug": {
      "version": "2.6.9",
      "resolved": "http://registry.npm.taobao.org/debug/download/debug-2.6.9.tgz",
      "requires": {
        "ms": "2.0.0"
      },
      "dependencies": {
        "ms": {
          "version": "2.0.0",
          "resolved": "http://registry.npm.taobao.org/ms/download/ms-2.0.0.tgz"
        }
      }
    },
    "ejs": {
      "version": "2.5.9",
      "resolved": "http://registry.npm.taobao.org/ejs/download/ejs-2.5.9.tgz"
    },
    "express": {
      "version": "4.16.4",
      "resolved": "http://registry.npm.taobao.org/express/download/express-4.16.4.tgz",
      "requires": {
        "accepts": "~1.3.5",
        "body-parser": "1.18.3",
        "debug": "2.6.9",
        "depd": "~1.1.2",
        "escape-html": "~1.0.3",
        "etag": "~1.8.1",
        "finalhandler": "1.1.1",
        "merge-descriptors": "1.0.1",
        "path-to-regexp": "0.1.7",
        "proxy-addr": "~2.0.4",
        "range-parser": "~1.2.0",
        "send": "0.16.2",
        "serve-static": "1.13.2",
        "setprototypeof": "1.1.0",
        "utils-merge": "1.0.1",
        "vary": "~1.1.2"
      },
      "dependencies": {
        "accepts": {
          "version": "1.3.5",
          "bundled": true
        },
        "array-flatten": {
          "version": "http://registry.npm.taobao.org/array-flatten/download/array-flatten-1.1.1.tgz"
        },
        "body-parser": {
          "version": "http://registry.npm.taobao.org/body-parser/download/body-parser-1.18.3.tgz",
          "dependencies": {
            "bytes": {
              "version": "http://registry.npm.taobao.org/bytes/download/bytes-3.0.0.tgz"
            },
            "content-type": {
              "version": "http://registry.npm.taobao.org/content-type/download/content-type-1.0.4.tgz"
            },
            "debug": {
              "version": "http://registry.npm.taobao.org/debug/download/debug-2.6.9.tgz",
              "dependencies": {}
            },
            "http-errors": {
              "version": "http://registry.npm.taobao.org/http-errors/download/http-errors-1.6.3.tgz",
              "dependencies": {}
            },
            "iconv-lite": {
              "version": "http://registry.npm.taobao.org/iconv-lite/download/iconv-lite-0.4.23.tgz"
            },
            "on-finished": {
              "version": "http://registry.npm.taobao.org/on-finished/download/on-finished-2.3.0.tgz",
              "dependencies": {}
            },
            "qs": {
              "version": "http://registry.npm.taobao.org/qs/download/qs-6.5.2.tgz"
            },
            "raw-body": {
              "version": "http://registry.npm.taobao.org/raw-body/download/raw-body-2.3.3.tgz"
            },
            "type-is": {
              "version": "http://registry.npm.taobao.org/type-is/download/type-is-1.6.16.tgz",
              "dependencies": {}
            }
          }
        },
        "content-disposition": {
          "version": "http://registry.npm.taobao.org/content-disposition/download/content-disposition-0.5.2.tgz"
        },
        "content-type": {
          "version": "http://registry.npm.taobao.org/content-type/download/content-type-1.0.4.tgz"
        },
        "cookie": {
          "version": "http://registry.npm.taobao.org/cookie/download/cookie-0.3.1.tgz"
        },
        "cookie-signature": {
          "version": "http://registry.npm.taobao.org/cookie-signature/download/cookie-signature-1.0.6.tgz"
        },
        "debug": {
          "version": "http://registry.npm.taobao.org/debug/download/debug-2.6.9.tgz",
          "dependencies": {
            "ms": {
              "version": "2.0.0",
              "resolved": "http://registry.npm.taobao.org/ms/download/ms-2.0.0.tgz"
            }
          }
        },
        "depd": {
          "version": "1.1.2",
          "bundled": true
        },
        "destroy": {
          "version": "1.0.4",
          "bundled": true
        },
        "encodeurl": {
          "version": "http://registry.npm.taobao.org/encodeurl/download/encodeurl-1.0.2.tgz"
        },
        "escape-html": {
          "version": "1.0.3",
          "bundled": true
        },
        "etag": {
          "version": "1.8.1",
          "bundled": true
        },
        "finalhandler": {
          "version": "1.1.1",
          "bundled": true,
          "requires": {
            "debug": "2.6.9",
            "escape-html": "~1.0.3"
          }
        },
        "forwarded": {
          "version": "0.1.2",
          "bundled": true
        },
        "fresh": {
          "version": "http://registry.npm.taobao.org/fresh/download/fresh-0.5.2.tgz"
        },
        "http-errors": {
          "version": "1.6.3",
          "bundled": true,
          "requires": {
            "depd": "~1.1.2",
            "setprototypeof": "1.1.0"
          }
        },
        "merge-descriptors": {
          "version": "1.0.1",
          "bundled": true
        },
        "methods": {
          "version": "http://registry.npm.taobao.org/methods/download/methods-1.1.2.tgz"
        },
        "ms": {
          "version": "2.0.0",
          "bundled": true
        },
        "on-finished": {
          "version": "http://registry.npm.taobao.org/on-finished/download/on-finished-2.3.0.tgz"
        },
        "parseurl": {
          "version": "http://registry.npm.taobao.org/parseurl/download/parseurl-1.3.2.tgz"
        },
        "path-to-regexp": {
          "version": "0.1.7",
          "bundled": true
        },
        "proxy-addr": {
          "version": "2.0.4",
          "bundled": true,
          "requires": {
            "forwarded": "~0.1.2"
          }
        },
        "qs": {
          "version": "http://registry.npm.taobao.org/qs/download/qs-6.5.2.tgz"
        },
        "range-parser": {
          "version": "1.2.0",
          "bundled": true
        },
        "safe-buffer": {
          "version": "http://registry.npm.taobao.org/safe-buffer/download/safe-buffer-5.1.2.tgz"
        },
        "send": {
          "version": "0.16.2",
          "bundled": true,
          "requires": {
            "debug": "2.6.9",
            "depd": "~1.1.2",
            "destroy": "~1.0.4",
            "escape-html": "~1.0.3",
            "etag": "~1.8.1",
            "http-errors": "~1.6.2",
            "ms": "2.0.0",
            "range-parser": "~1.2.0"
          }
        },
        "serve-static": {
          "version": "1.13.2",
          "bundled": true,
          "requires": {
            "escape-html": "~1.0.3",
            "send": "0.16.2"
          }
        },
        "setprototypeof": {
          "version": "1.1.0",
          "bundled": true
        },
        "statuses": {
          "version": "http://registry.npm.taobao.org/statuses/download/statuses-1.4.0.tgz"
        },
        "type-is": {
          "version": "http://registry.npm.taobao.org/type-is/download/type-is-1.6.16.tgz",
          "dependencies": {
            "media-typer": {
              "version": "http://registry.npm.taobao.org/media-typer/download/media-typer-0.3.0.tgz"
            },
            "mime-types": {
              "version": "http://registry.npm.taobao.org/mime-types/download/mime-types-2.1.21.tgz"
            }
          }
        },
        "utils-merge": {
          "version": "1.0.1",
          "bundled": true
        },
        "vary": {
          "version": "1.1.2",
          "bundled": true
        }
      }
    },
    "express-session": {
      "version": "1.15.6",
      "resolved": "http://registry.npm.taobao.org/express-session/download/express-session-1.15.6.tgz",
      "requires": {
        "crc": "3.4.4",
        "debug": "2.6.9",
        "depd": "~1.1.1",
        "on-headers": "~1.0.1",
        "utils-merge": "1.0.1"
      },
      "dependencies": {
        "cookie": {
          "version": "http://registry.npm.taobao.org/cookie/download/cookie-0.3.1.tgz",
          "bundled": true
        },
        "cookie-signature": {
          "version": "http://registry.npm.taobao.org/cookie-signature/download/cookie-signature-1.0.6.tgz",
          "bundled": true
        },
        "crc": {
          "version": "3.4.4",
          "resolved": "https://registry.npmjs.org/crc/-/crc-3.4.4.tgz",
          "integrity": "sha1-naHpgOO9RPxck79as9ozeNheRms="
        },
        "debug": {
          "version": "http://registry.npm.taobao.org/debug/download/debug-2.6.9.tgz",
          "bundled": true,
          "dependencies": {
            "ms": {
              "version": "2.0.0",
              "resolved": "http://registry.npm.taobao.org/ms/download/ms-2.0.0.tgz"
            }
          }
        },
        "depd": {
          "version": "1.1.2",
          "resolved": "https://registry.npmjs.org/depd/-/depd-1.1.2.tgz",
          "integrity": "sha1-m81S4UwJd2PnSbJ0xDRu0uVgtak="
        },
        "on-headers": {
          "version": "1.0.1",
          "resolved": "https://registry.npmjs.org/on-headers/-/on-headers-1.0.1.tgz",
          "integrity": "sha1-ko9dD0cNSTQmUepnlLCFfBAGk/c="
        },
        "parseurl": {
          "version": "http://registry.npm.taobao.org/parseurl/download/parseurl-1.3.2.tgz",
          "bundled": true
        },
        "uid-safe": {
          "version": "http://registry.npm.taobao.org/uid-safe/download/uid-safe-2.1.5.tgz",
          "bundled": true
        },
        "utils-merge": {
          "version": "1.0.1",
          "resolved": "https://registry.npmjs.org/utils-merge/-/utils-merge-1.0.1.tgz",
          "integrity": "sha1-n5VxD1CiZ5R7LMwSR0HBAoQn5xM="
        }
      }
    },
    "http-errors": {
      "version": "1.6.3",
      "resolved": "http://registry.npm.taobao.org/http-errors/download/http-errors-1.6.3.tgz",
      "requires": {
        "depd": "~1.1.2",
        "inherits": "2.0.3",
        "setprototypeof": "1.1.0",
        "statuses": ">= 1.4.0 < 2"
      },
      "dependencies": {
        "depd": {
          "version": "1.1.2",
          "bundled": true
        },
        "inherits": {
          "version": "2.0.3",
          "resolved": "http://registry.npm.taobao.org/inherits/download/inherits-2.0.3.tgz"
        },
        "setprototypeof": {
          "version": "1.1.0",
          "bundled": true
        },
        "statuses": {
          "version": "1.4.0",
          "bundled": true
        }
      }
    },
    "morgan": {
      "version": "1.9.1",
      "resolved": "http://registry.npm.taobao.org/morgan/download/morgan-1.9.1.tgz",
      "requires": {
        "debug": "2.6.9",
        "depd": "~1.1.2",
        "on-headers": "~1.0.1"
      },
      "dependencies": {
        "basic-auth": {
          "version": "http://registry.npm.taobao.org/basic-auth/download/basic-auth-2.0.1.tgz"
        },
        "debug": {
          "version": "http://registry.npm.taobao.org/debug/download/debug-2.6.9.tgz",
          "dependencies": {
            "ms": {
              "version": "2.0.0",
              "resolved": "http://registry.npm.taobao.org/ms/download/ms-2.0.0.tgz"
            }
          }
        },
        "depd": {
          "version": "1.1.2",
          "bundled": true
        },
        "on-finished": {
          "version": "http://registry.npm.taobao.org/on-finished/download/on-finished-2.3.0.tgz",
          "dependencies": {
            "ee-first": {
              "version": "http://registry.npm.taobao.org/ee-first/download/ee-first-1.1.1.tgz",
              "bundled": true
            }
          }
        },
        "on-headers": {
          "version": "1.0.1",
          "bundled": true
        }
      }
    },
    "mysql": {
      "version": "2.16.0",
      "resolved": "http://registry.npm.taobao.org/mysql/download/mysql-2.16.0.tgz",
      "dev": true,
      "dependencies": {
        "bignumber.js": {
          "version": "http://registry.npm.taobao.org/bignumber.js/download/bignumber.js-4.1.0.tgz"
        },
        "readable-stream": {
          "version": "http://registry.npm.taobao.org/readable-stream/download/readable-stream-2.3.6.tgz"
        },
        "safe-buffer": {
          "version": "http://registry.npm.taobao.org/safe-buffer/download/safe-buffer-5.1.2.tgz"
        },
        "sqlstring": {
          "version": "http://registry.npm.taobao.org/sqlstring/download/sqlstring-2.3.1.tgz"
        }
      }
    },
    "nodemon": {
      "version": "1.18.4",
      "resolved": "http://registry.npm.taobao.org/nodemon/download/nodemon-1.18.4.tgz",
      "requires": {
        "chokidar": "^2.0.2",
        "supports-color": "^5.2.0",
        "update-notifier": "^2.3.0"
      },
      "dependencies": {
        "anymatch": {
          "version": "2.0.0",
          "bundled": true,
          "requires": {
            "micromatch": "^3.1.4",
            "normalize-path": "^2.1.1"
          }
        },
        "arr-diff": {
          "version": "4.0.0",
          "bundled": true
        },
        "async-each": {
          "version": "1.0.1",
          "bundled": true
        },
        "boxen": {
          "version": "1.3.0",
          "bundled": true,
          "requires": {
            "cli-boxes": "^1.0.0",
            "term-size": "^1.2.0"
          }
        },
        "braces": {
          "version": "2.3.2",
          "bundled": true,
          "requires": {
            "extend-shallow": "^2.0.1",
            "isobject": "^3.0.1",
            "repeat-element": "^1.1.2",
            "snapdragon-node": "^2.0.1",
            "split-string": "^3.0.2",
            "to-regex": "^3.0.1"
          },
          "dependencies": {
            "extend-shallow": {
              "version": "2.0.1",
              "resolved": "https://registry.npmjs.org/extend-shallow/-/extend-shallow-2.0.1.tgz",
              "integrity": "sha1-Ua99YUrZqfYQ6huvu5idaxxWiQ8=",
              "requires": {
                "is-extendable": "^0.1.0"
              }
            }
          }
        },
        "chokidar": {
          "version": "2.0.4",
          "bundled": true,
          "requires": {
            "anymatch": "^2.0.0",
            "async-each": "^1.0.0",
            "braces": "^2.3.0",
            "glob-parent": "^3.1.0",
            "is-binary-path": "^1.0.0",
            "is-glob": "^4.0.0",
            "normalize-path": "^2.1.1",
            "readdirp": "^2.0.0",
            "upath": "^1.0.5"
          }
        },
        "cli-boxes": {
          "version": "1.0.0",
          "bundled": true
        },
        "configstore": {
          "version": "3.1.2",
          "bundled": true,
          "requires": {
            "dot-prop": "^4.1.0",
            "graceful-fs": "^4.1.2",
            "make-dir": "^1.0.0",
            "write-file-atomic": "^2.0.0"
          }
        },
        "debug": {
          "version": "http://registry.npm.taobao.org/debug/download/debug-3.2.6.tgz"
        },
        "dot-prop": {
          "version": "4.2.0",
          "bundled": true,
          "requires": {
            "is-obj": "^1.0.0"
          }
        },
        "fragment-cache": {
          "version": "0.2.1",
          "bundled": true
        },
        "glob-parent": {
          "version": "3.1.0",
          "bundled": true,
          "requires": {
            "is-glob": "^3.1.0"
          },
          "dependencies": {
            "is-glob": {
              "version": "3.1.0",
              "resolved": "https://registry.npmjs.org/is-glob/-/is-glob-3.1.0.tgz",
              "integrity": "sha1-e6WuJCF4BKxwcHuWkiVnSGzD6Eo=",
              "requires": {
                "is-extglob": "^2.1.0"
              }
            }
          }
        },
        "graceful-fs": {
          "version": "4.1.15",
          "bundled": true
        },
        "ignore-by-default": {
          "version": "http://registry.npm.taobao.org/ignore-by-default/download/ignore-by-default-1.0.1.tgz"
        },
        "is-binary-path": {
          "version": "1.0.1",
          "bundled": true
        },
        "is-extendable": {
          "version": "0.1.1",
          "bundled": true
        },
        "is-extglob": {
          "version": "2.1.1",
          "bundled": true
        },
        "is-glob": {
          "version": "4.0.0",
          "bundled": true,
          "requires": {
            "is-extglob": "^2.1.1"
          }
        },
        "is-installed-globally": {
          "version": "0.1.0",
          "bundled": true
        },
        "is-obj": {
          "version": "1.0.1",
          "bundled": true
        },
        "isobject": {
          "version": "3.0.1",
          "bundled": true
        },
        "kind-of": {
          "version": "6.0.2",
          "bundled": true
        },
        "make-dir": {
          "version": "1.3.0",
          "bundled": true,
          "requires": {
            "pify": "^3.0.0"
          }
        },
        "micromatch": {
          "version": "3.1.10",
          "bundled": true,
          "requires": {
            "arr-diff": "^4.0.0",
            "braces": "^2.3.1",
            "fragment-cache": "^0.2.1",
            "kind-of": "^6.0.2",
            "object.pick": "^1.3.0",
            "regex-not": "^1.0.0",
            "to-regex": "^3.0.2"
          }
        },
        "minimatch": {
          "version": "http://registry.npm.taobao.org/minimatch/download/minimatch-3.0.4.tgz"
        },
        "normalize-path": {
          "version": "2.1.1",
          "bundled": true,
          "requires": {
            "remove-trailing-separator": "^1.0.1"
          }
        },
        "object.pick": {
          "version": "1.3.0",
          "bundled": true,
          "requires": {
            "isobject": "^3.0.1"
          }
        },
        "pify": {
          "version": "3.0.0",
          "bundled": true
        },
        "pstree.remy": {
          "version": "http://registry.npm.taobao.org/pstree.remy/download/pstree.remy-1.1.0.tgz"
        },
        "readdirp": {
          "version": "2.2.1",
          "bundled": true,
          "requires": {
            "graceful-fs": "^4.1.11",
            "micromatch": "^3.1.10"
          }
        },
        "regex-not": {
          "version": "1.0.2",
          "bundled": true,
          "requires": {
            "safe-regex": "^1.1.0"
          }
        },
        "remove-trailing-separator": {
          "version": "1.1.0",
          "bundled": true
        },
        "repeat-element": {
          "version": "1.1.3",
          "bundled": true
        },
        "ret": {
          "version": "0.1.15",
          "bundled": true
        },
        "safe-regex": {
          "version": "1.1.0",
          "bundled": true,
          "requires": {
            "ret": "~0.1.10"
          }
        },
        "semver": {
          "version": "http://registry.npm.taobao.org/semver/download/semver-5.6.0.tgz"
        },
        "semver-diff": {
          "version": "2.1.0",
          "bundled": true
        },
        "snapdragon-node": {
          "version": "2.1.1",
          "bundled": true,
          "requires": {
            "define-property": "^1.0.0",
            "isobject": "^3.0.0"
          },
          "dependencies": {
            "define-property": {
              "version": "1.0.0",
              "resolved": "https://registry.npmjs.org/define-property/-/define-property-1.0.0.tgz",
              "integrity": "sha1-dp66rz9KY6rTr56NMEybvnm/sOY="
            }
          }
        },
        "split-string": {
          "version": "3.1.0",
          "bundled": true
        },
        "supports-color": {
          "version": "5.5.0",
          "bundled": true
        },
        "term-size": {
          "version": "1.2.0",
          "bundled": true
        },
        "to-regex": {
          "version": "3.0.2",
          "bundled": true,
          "requires": {
            "regex-not": "^1.0.2",
            "safe-regex": "^1.1.0"
          }
        },
        "touch": {
          "version": "http://registry.npm.taobao.org/touch/download/touch-3.1.0.tgz"
        },
        "undefsafe": {
          "version": "http://registry.npm.taobao.org/undefsafe/download/undefsafe-2.0.2.tgz",
          "dependencies": {
            "debug": {
              "version": "http://registry.npm.taobao.org/debug/download/debug-2.6.9.tgz",
              "dependencies": {
                "ms": {
                  "version": "2.0.0",
                  "resolved": "http://registry.npm.taobao.org/ms/download/ms-2.0.0.tgz"
                }
              }
            }
          }
        },
        "upath": {
          "version": "1.1.0",
          "bundled": true
        },
        "update-notifier": {
          "version": "2.5.0",
          "bundled": true,
          "requires": {
            "boxen": "^1.2.1",
            "configstore": "^3.0.0",
            "is-installed-globally": "^0.1.0",
            "semver-diff": "^2.0.0"
          }
        },
        "write-file-atomic": {
          "version": "2.3.0",
          "bundled": true,
          "requires": {
            "graceful-fs": "^4.1.11"
          }
        }
      }
    },
    "reqwest": {
      "version": "2.0.5",
      "resolved": "https://registry.npmjs.org/reqwest/-/reqwest-2.0.5.tgz",
      "integrity": "sha1-APsVrEkYxBnKgrQ/JMeIguZgOaE="
    }
  }
}
